
Microsoft Visual Studio Solution File, Format Version 12.00
# Visual Studio 15
VisualStudioVersion = 15.0.27130.2027
MinimumVisualStudioVersion = 10.0.40219.1
Project("{9A19103F-16F7-4668-BE54-9A1E7A4F7556}") = "OpenWeatherMapAPI", "OpenWeatherMapAPI\OpenWeatherMapAPI.csproj", "{5ADCE98B-239C-4F50-B55B-642340512BA5}"
EndProject
Project("{FAE04EC0-301F-11D3-BF4B-00C04F79EFBC}") = "OpenWeatherMapAPI.Tests", "OpenWeatherMapAPI.Tests\OpenWeatherMapAPI.Tests.csproj", "{F952464C-9011-4757-8339-A449984B2830}"
EndProject
Global
	GlobalSection(SolutionConfigurationPlatforms) = preSolution
		Debug|Any CPU = Debug|Any CPU
		Release|Any CPU = Release|Any CPU
	EndGlobalSection
	GlobalSection(ProjectConfigurationPlatforms) = postSolution
		{5ADCE98B-239C-4F50-B55B-642340512BA5}.Debug|Any CPU.ActiveCfg = Debug|Any CPU
		{5ADCE98B-239C-4F50-B55B-642340512BA5}.Debug|Any CPU.Build.0 = Debug|Any CPU
		{5ADCE98B-239C-4F50-B55B-642340512BA5}.Release|Any CPU.ActiveCfg = Release|Any CPU
		{5ADCE98B-239C-4F50-B55B-642340512BA5}.Release|Any CPU.Build.0 = Release|Any CPU
		{F952464C-9011-4757-8339-A449984B2830}.Debug|Any CPU.ActiveCfg = Debug|Any CPU
		{F952464C-9011-4757-8339-A449984B2830}.Debug|Any CPU.Build.0 = Debug|Any CPU
		{F952464C-9011-4757-8339-A449984B2830}.Release|Any CPU.ActiveCfg = Release|Any CPU
		{F952464C-9011-4757-8339-A449984B2830}.Release|Any CPU.Build.0 = Release|Any CPU
	EndGlobalSection
	GlobalSection(SolutionProperties) = preSolution
		HideSolutionNode = FALSE
	EndGlobalSection
	GlobalSection(ExtensibilityGlobals) = postSolution
		SolutionGuid = {4FE0FF3B-4D20-41B8-A688-5B01F4151286}
	EndGlobalSection
EndGlobal
